
Microsoft Visual Studio Solution File, Format Version 12.00
# Visual Studio Version 17
VisualStudioVersion = 17.9.34616.47
MinimumVisualStudioVersion = 10.0.40219.1
Project("{9A19103F-16F7-4668-BE54-9A1E7A4F7556}") = "ToanCauXanh", "ToanCauXanh.csproj", "{2B155D66-F1C9-42A3-A496-35A915E414FE}"
EndProject
Global
	GlobalSection(SolutionConfigurationPlatforms) = preSolution
		Debug|Any CPU = Debug|Any CPU
		Release|Any CPU = Release|Any CPU
	EndGlobalSection
	GlobalSection(ProjectConfigurationPlatforms) = postSolution
		{2B155D66-F1C9-42A3-A496-35A915E414FE}.Debug|Any CPU.ActiveCfg = Debug|Any CPU
		{2B155D66-F1C9-42A3-A496-35A915E414FE}.Debug|Any CPU.Build.0 = Debug|Any CPU
		{2B155D66-F1C9-42A3-A496-35A915E414FE}.Release|Any CPU.ActiveCfg = Release|Any CPU
		{2B155D66-F1C9-42A3-A496-35A915E414FE}.Release|Any CPU.Build.0 = Release|Any CPU
	EndGlobalSection
	GlobalSection(SolutionProperties) = preSolution
		HideSolutionNode = FALSE
	EndGlobalSection
	GlobalSection(ExtensibilityGlobals) = postSolution
		SolutionGuid = {4094017A-8CCE-436E-8595-D2E51D6F838E}
	EndGlobalSection
EndGlobal
